
Microsoft Visual Studio Solution File, Format Version 12.00
# Visual Studio Version 16
VisualStudioVersion = 16.0.34031.81
MinimumVisualStudioVersion = 10.0.40219.1
Project("{FAE04EC0-301F-11D3-BF4B-00C04F79EFBC}") = "GokulInfo", "GokulInfo\GokulInfo.csproj", "{798A6AC9-FB1D-4894-A89F-CD33F6C3662B}"
EndProject
Global
	GlobalSection(SolutionConfigurationPlatforms) = preSolution
		Debug|Any CPU = Debug|Any CPU
		Release|Any CPU = Release|Any CPU
	EndGlobalSection
	GlobalSection(ProjectConfigurationPlatforms) = postSolution
		{798A6AC9-FB1D-4894-A89F-CD33F6C3662B}.Debug|Any CPU.ActiveCfg = Debug|Any CPU
		{798A6AC9-FB1D-4894-A89F-CD33F6C3662B}.Debug|Any CPU.Build.0 = Debug|Any CPU
		{798A6AC9-FB1D-4894-A89F-CD33F6C3662B}.Release|Any CPU.ActiveCfg = Release|Any CPU
		{798A6AC9-FB1D-4894-A89F-CD33F6C3662B}.Release|Any CPU.Build.0 = Release|Any CPU
	EndGlobalSection
	GlobalSection(SolutionProperties) = preSolution
		HideSolutionNode = FALSE
	EndGlobalSection
	GlobalSection(ExtensibilityGlobals) = postSolution
		SolutionGuid = {CDC7974F-9B0B-4CF8-9EC7-E356E65133D7}
	EndGlobalSection
EndGlobal
